// !$*UTF8*$!
{
	archiveVersion = 1;
	classes = {
	};
	objectVersion = 50;
	objects = {

/* Begin PBXBuildFile section */
		9C6300AA21C80CAE000D4F9A /* my_model_grava.mlmodel in Sources */ = {isa = PBXBuildFile; fileRef = 9C6300A921C80CAD000D4F9A /* my_model_grava.mlmodel */; };
		9C9A6F6221C1021F00CAF037 /* AppDelegate.swift in Sources */ = {isa = PBXBuildFile; fileRef = 9C9A6F6121C1021F00CAF037 /* AppDelegate.swift */; };
		9C9A6F6421C1021F00CAF037 /* ViewController.swift in Sources */ = {isa = PBXBuildFile; fileRef = 9C9A6F6321C1021F00CAF037 /* ViewController.swift */; };
		9C9A6F6921C1022300CAF037 /* Assets.xcassets in Resources */ = {isa = PBXBuildFile; fileRef = 9C9A6F6821C1022300CAF037 /* Assets.xcassets */; };
		9C9A6F6C21C1022300CAF037 /* LaunchScreen.storyboard in Resources */ = {isa = PBXBuildFile; fileRef = 9C9A6F6A21C1022300CAF037 /* LaunchScreen.storyboard */; };
		9C9A6F7421C1033200CAF037 /* my_model.mlmodel in Sources */ = {isa = PBXBuildFile; fileRef = 9C9A6F7321C1033200CAF037 /* my_model.mlmodel */; };
/* End PBXBuildFile section */

/* Begin PBXFileReference section */
		9C6300A921C80CAD000D4F9A /* my_model_grava.mlmodel */ = {isa = PBXFileReference; lastKnownFileType = file.mlmodel; path = my_model_grava.mlmodel; sourceTree = "<group>"; };
		9C9A6F5E21C1021F00CAF037 /* customcammeraa.app */ = {isa = PBXFileReference; explicitFileType = wrapper.application; includeInIndex = 0; path = customcammeraa.app; sourceTree = BUILT_PRODUCTS_DIR; };
		9C9A6F6121C1021F00CAF037 /* AppDelegate.swift */ = {isa = PBXFileReference; lastKnownFileType = sourcecode.swift; path = AppDelegate.swift; sourceTree = "<group>"; };
		9C9A6F6321C1021F00CAF037 /* ViewController.swift */ = {isa = PBXFileReference; lastKnownFileType = sourcecode.swift; path = ViewController.swift; sourceTree = "<group>"; };
		9C9A6F6821C1022300CAF037 /* Assets.xcassets */ = {isa = PBXFileReference; lastKnownFileType = folder.assetcatalog; path = Assets.xcassets; sourceTree = "<group>"; };
		9C9A6F6B21C1022300CAF037 /* Base */ = {isa = PBXFileReference; lastKnownFileType = file.storyboard; name = Base; path = Base.lproj/LaunchScreen.storyboard; sourceTree = "<group>"; };
		9C9A6F6D21C1022300CAF037 /* Info.plist */ = {isa = PBXFileReference; lastKnownFileType = text.plist.xml; path = Info.plist; sourceTree = "<group>"; };
		9C9A6F7321C1033200CAF037 /* my_model.mlmodel */ = {isa = PBXFileReference; lastKnownFileType = file.mlmodel; path = my_model.mlmodel; sourceTree = "<group>"; };
/* End PBXFileReference section */

/* Begin PBXFrameworksBuildPhase section */
		9C9A6F5B21C1021F00CAF037 /* Frameworks */ = {
			isa = PBXFrameworksBuildPhase;
			buildActionMask = 2147483647;
			files = (
			);
			runOnlyForDeploymentPostprocessing = 0;
		};
/* End PBXFrameworksBuildPhase section */

/* Begin PBXGroup section */
		9C9A6F5521C1021E00CAF037 = {
			isa = PBXGroup;
			children = (
				9C9A6F6021C1021F00CAF037 /* customcammeraa */,
				9C9A6F5F21C1021F00CAF037 /* Products */,
			);
			sourceTree = "<group>";
		};
		9C9A6F5F21C1021F00CAF037 /* Products */ = {
			isa = PBXGroup;
			children = (
				9C9A6F5E21C1021F00CAF037 /* customcammeraa.app */,
			);
			name = Products;
			sourceTree = "<group>";
		};
		9C9A6F6021C1021F00CAF037 /* customcammeraa */ = {
			isa = PBXGroup;
			children = (
				9C9A6F6121C1021F00CAF037 /* AppDelegate.swift */,
				9C6300A921C80CAD000D4F9A /* my_model_grava.mlmodel */,
				9C9A6F7321C1033200CAF037 /* my_model.mlmodel */,
				9C9A6F6321C1021F00CAF037 /* ViewController.swift */,
				9C9A6F6821C1022300CAF037 /* Assets.xcassets */,
				9C9A6F6A21C1022300CAF037 /* LaunchScreen.storyboard */,
				9C9A6F6D21C1022300CAF037 /* Info.plist */,
			);
			path = customcammeraa;
			sourceTree = "<group>";
		};
/* End PBXGroup section */

/* Begin PBXNativeTarget section */
		9C9A6F5D21C1021F00CAF037 /* customcammeraa */ = {
			isa = PBXNativeTarget;
			buildConfigurationList = 9C9A6F7021C1022300CAF037 /* Build configuration list for PBXNativeTarget "customcammeraa" */;
			buildPhases = (
				9C9A6F5A21C1021F00CAF037 /* Sources */,
				9C9A6F5B21C1021F00CAF037 /* Frameworks */,
				9C9A6F5C21C1021F00CAF037 /* Resources */,
			);
			buildRules = (
			);
			dependencies = (
			);
			name = customcammeraa;
			productName = customcammeraa;
			productReference = 9C9A6F5E21C1021F00CAF037 /* customcammeraa.app */;
			productType = "com.apple.product-type.application";
		};
/* End PBXNativeTarget section */

/* Begin PBXProject section */
		9C9A6F5621C1021E00CAF037 /* Project object */ = {
			isa = PBXProject;
			attributes = {
				LastSwiftUpdateCheck = 1010;
				LastUpgradeCheck = 1010;
				ORGANIZATIONNAME = "吳 冠龍";
				TargetAttributes = {
					9C9A6F5D21C1021F00CAF037 = {
						CreatedOnToolsVersion = 10.1;
					};
				};
			};
			buildConfigurationList = 9C9A6F5921C1021E00CAF037 /* Build configuration list for PBXProject "customcammeraa" */;
			compatibilityVersion = "Xcode 9.3";
			developmentRegion = en;
			hasScannedForEncodings = 0;
			knownRegions = (
				en,
				Base,
			);
			mainGroup = 9C9A6F5521C1021E00CAF037;
			productRefGroup = 9C9A6F5F21C1021F00CAF037 /* Products */;
			projectDirPath = "";
			projectRoot = "";
			targets = (
				9C9A6F5D21C1021F00CAF037 /* customcammeraa */,
			);
		};
/* End PBXProject section */

/* Begin PBXResourcesBuildPhase section */
		9C9A6F5C21C1021F00CAF037 /* Resources */ = {
			isa = PBXResourcesBuildPhase;
			buildActionMask = 2147483647;
			files = (
				9C9A6F6C21C1022300CAF037 /* LaunchScreen.storyboard in Resources */,
				9C9A6F6921C1022300CAF037 /* Assets.xcassets in Resources */,
			);
			runOnlyForDeploymentPostprocessing = 0;
		};
/* End PBXResourcesBuildPhase section */

/* Begin PBXSourcesBuildPhase section */
		9C9A6F5A21C1021F00CAF037 /* Sources */ = {
			isa = PBXSourcesBuildPhase;
			buildActionMask = 2147483647;
			files = (
				9C6300AA21C80CAE000D4F9A /* my_model_grava.mlmodel in Sources */,
				9C9A6F6421C1021F00CAF037 /* ViewController.swift in Sources */,
				9C9A6F6221C1021F00CAF037 /* AppDelegate.swift in Sources */,
				9C9A6F7421C1033200CAF037 /* my_model.mlmodel in Sources */,
			);
			runOnlyForDeploymentPostprocessing = 0;
		};
/* End PBXSourcesBuildPhase section */

/* Begin PBXVariantGroup section */
		9C9A6F6A21C1022300CAF037 /* LaunchScreen.storyboard */ = {
			isa = PBXVariantGroup;
			children = (
				9C9A6F6B21C1022300CAF037 /* Base */,
			);
			name = LaunchScreen.storyboard;
			sourceTree = "<group>";
		};
/* End PBXVariantGroup section */

/* Begin XCBuildConfiguration section */
		9C9A6F6E21C1022300CAF037 /* Debug */ = {
			isa = XCBuildConfiguration;
			buildSettings = {
				ALWAYS_SEARCH_USER_PATHS = NO;
				CLANG_ANALYZER_NONNULL = YES;
				CLANG_ANALYZER_NUMBER_OBJECT_CONVERSION = YES_AGGRESSIVE;
				CLANG_CXX_LANGUAGE_STANDARD = "gnu++14";
				CLANG_CXX_LIBRARY = "libc++";
				CLANG_ENABLE_MODULES = YES;
				CLANG_ENABLE_OBJC_ARC = YES;
				CLANG_ENABLE_OBJC_WEAK = YES;
				CLANG_WARN_BLOCK_CAPTURE_AUTORELEASING = YES;
				CLANG_WARN_BOOL_CONVERSION = YES;
				CLANG_WARN_COMMA = YES;
				CLANG_WARN_CONSTANT_CONVERSION = YES;
				CLANG_WARN_DEPRECATED_OBJC_IMPLEMENTATIONS = YES;
				CLANG_WARN_DIRECT_OBJC_ISA_USAGE = YES_ERROR;
				CLANG_WARN_DOCUMENTATION_COMMENTS = YES;
				CLANG_WARN_EMPTY_BODY = YES;
				CLANG_WARN_ENUM_CONVERSION = YES;
				CLANG_WARN_INFINITE_RECURSION = YES;
				CLANG_WARN_INT_CONVERSION = YES;
				CLANG_WARN_NON_LITERAL_NULL_CONVERSION = YES;
				CLANG_WARN_OBJC_IMPLICIT_RETAIN_SELF = YES;
				CLANG_WARN_OBJC_LITERAL_CONVERSION = YES;
				CLANG_WARN_OBJC_ROOT_CLASS = YES_ERROR;
				CLANG_WARN_RANGE_LOOP_ANALYSIS = YES;
				CLANG_WARN_STRICT_PROTOTYPES = YES;
				CLANG_WARN_SUSPICIOUS_MOVE = YES;
				CLANG_WARN_UNGUARDED_AVAILABILITY = YES_AGGRESSIVE;
				CLANG_WARN_UNREACHABLE_CODE = YES;
				CLANG_WARN__DUPLICATE_METHOD_MATCH = YES;
				CODE_SIGN_IDENTITY = "iPhone Developer";
				COPY_PHASE_STRIP = NO;
				DEBUG_INFORMATION_FORMAT = dwarf;
				ENABLE_STRICT_OBJC_MSGSEND = YES;
				ENABLE_TESTABILITY = YES;
				GCC_C_LANGUAGE_STANDARD = gnu11;
				GCC_DYNAMIC_NO_PIC = NO;
				GCC_NO_COMMON_BLOCKS = YES;
				GCC_OPTIMIZATION_LEVEL = 0;
				GCC_PREPROCESSOR_DEFINITIONS = (
					"DEBUG=1",
					"$(inherited)",
				);
				GCC_WARN_64_TO_32_BIT_CONVERSION = YES;
				GCC_WARN_ABOUT_RETURN_TYPE = YES_ERROR;
				GCC_WARN_UNDECLARED_SELECTOR = YES;
				GCC_WARN_UNINITIALIZED_AUTOS = YES_AGGRESSIVE;
				GCC_WARN_UNUSED_FUNCTION = YES;
				GCC_WARN_UNUSED_VARIABLE = YES;
				IPHONEOS_DEPLOYMENT_TARGET = 12.1;
				MTL_ENABLE_DEBUG_INFO = INCLUDE_SOURCE;
				MTL_FAST_MATH = YES;
				ONLY_ACTIVE_ARCH = YES;
				SDKROOT = iphoneos;
				SWIFT_ACTIVE_COMPILATION_CONDITIONS = DEBUG;
				SWIFT_OPTIMIZATION_LEVEL = "-Onone";
			};
			name = Debug;
		};
		9C9A6F6F21C1022300CAF037 /* Release */ = {
			isa = XCBuildConfiguration;
			buildSettings = {
				ALWAYS_SEARCH_USER_PATHS = NO;
				CLANG_ANALYZER_NONNULL = YES;
				CLANG_ANALYZER_NUMBER_OBJECT_CONVERSION = YES_AGGRESSIVE;
				CLANG_CXX_LANGUAGE_STANDARD = "gnu++14";
				CLANG_CXX_LIBRARY = "libc++";
				CLANG_ENABLE_MODULES = YES;
				CLANG_ENABLE_OBJC_ARC = YES;
				CLANG_ENABLE_OBJC_WEAK = YES;
				CLANG_WARN_BLOCK_CAPTURE_AUTORELEASING = YES;
				CLANG_WARN_BOOL_CONVERSION = YES;
				CLANG_WARN_COMMA = YES;
				CLANG_WARN_CONSTANT_CONVERSION = YES;
				CLANG_WARN_DEPRECATED_OBJC_IMPLEMENTATIONS = YES;
				CLANG_WARN_DIRECT_OBJC_ISA_USAGE = YES_ERROR;
				CLANG_WARN_DOCUMENTATION_COMMENTS = YES;
				CLANG_WARN_EMPTY_BODY = YES;
				CLANG_WARN_ENUM_CONVERSION = YES;
				CLANG_WARN_INFINITE_RECURSION = YES;
				CLANG_WARN_INT_CONVERSION = YES;
				CLANG_WARN_NON_LITERAL_NULL_CONVERSION = YES;
				CLANG_WARN_OBJC_IMPLICIT_RETAIN_SELF = YES;
				CLANG_WARN_OBJC_LITERAL_CONVERSION = YES;
				CLANG_WARN_OBJC_ROOT_CLASS = YES_ERROR;
				CLANG_WARN_RANGE_LOOP_ANALYSIS = YES;
				CLANG_WARN_STRICT_PROTOTYPES = YES;
				CLANG_WARN_SUSPICIOUS_MOVE = YES;
				CLANG_WARN_UNGUARDED_AVAILABILITY = YES_AGGRESSIVE;
				CLANG_WARN_UNREACHABLE_CODE = YES;
				CLANG_WARN__DUPLICATE_METHOD_MATCH = YES;
				CODE_SIGN_IDENTITY = "iPhone Developer";
				COPY_PHASE_STRIP = NO;
				DEBUG_INFORMATION_FORMAT = "dwarf-with-dsym";
				ENABLE_NS_ASSERTIONS = NO;
				ENABLE_STRICT_OBJC_MSGSEND = YES;
				GCC_C_LANGUAGE_STANDARD = gnu11;
				GCC_NO_COMMON_BLOCKS = YES;
				GCC_WARN_64_TO_32_BIT_CONVERSION = YES;
				GCC_WARN_ABOUT_RETURN_TYPE = YES_ERROR;
				GCC_WARN_UNDECLARED_SELECTOR = YES;
				GCC_WARN_UNINITIALIZED_AUTOS = YES_AGGRESSIVE;
				GCC_WARN_UNUSED_FUNCTION = YES;
				GCC_WARN_UNUSED_VARIABLE = YES;
				IPHONEOS_DEPLOYMENT_TARGET = 12.1;
				MTL_ENABLE_DEBUG_INFO = NO;
				MTL_FAST_MATH = YES;
				SDKROOT = iphoneos;
				SWIFT_COMPILATION_MODE = wholemodule;
				SWIFT_OPTIMIZATION_LEVEL = "-O";
				VALIDATE_PRODUCT = YES;
			};
			name = Release;
		};
		9C9A6F7121C1022300CAF037 /* Debug */ = {
			isa = XCBuildConfiguration;
			buildSettings = {
				ASSETCATALOG_COMPILER_APPICON_NAME = AppIcon;
				CODE_SIGN_STYLE = Automatic;
				DEVELOPMENT_TEAM = 9NJ7PX9ALY;
				INFOPLIST_FILE = customcammeraa/Info.plist;
				LD_RUNPATH_SEARCH_PATHS = (
					"$(inherited)",
					"@executable_path/Frameworks",
				);
				PRODUCT_BUNDLE_IDENTIFIER = "Arthur.avfoundation-cameraaaa";
				PRODUCT_NAME = "$(TARGET_NAME)";
				SWIFT_VERSION = 4.2;
				TARGETED_DEVICE_FAMILY = "1,2";
			};
			name = Debug;
		};
		9C9A6F7221C1022300CAF037 /* Release */ = {
			isa = XCBuildConfiguration;
			buildSettings = {
				ASSETCATALOG_COMPILER_APPICON_NAME = AppIcon;
				CODE_SIGN_STYLE = Automatic;
				DEVELOPMENT_TEAM = 9NJ7PX9ALY;
				INFOPLIST_FILE = customcammeraa/Info.plist;
				LD_RUNPATH_SEARCH_PATHS = (
					"$(inherited)",
					"@executable_path/Frameworks",
				);
				PRODUCT_BUNDLE_IDENTIFIER = "Arthur.avfoundation-cameraaaa";
				PRODUCT_NAME = "$(TARGET_NAME)";
				SWIFT_VERSION = 4.2;
				TARGETED_DEVICE_FAMILY = "1,2";
			};
			name = Release;
		};
/* End XCBuildConfiguration section */

/* Begin XCConfigurationList section */
		9C9A6F5921C1021E00CAF037 /* Build configuration list for PBXProject "customcammeraa" */ = {
			isa = XCConfigurationList;
			buildConfigurations = (
				9C9A6F6E21C1022300CAF037 /* Debug */,
				9C9A6F6F21C1022300CAF037 /* Release */,
			);
			defaultConfigurationIsVisible = 0;
			defaultConfigurationName = Release;
		};
		9C9A6F7021C1022300CAF037 /* Build configuration list for PBXNativeTarget "customcammeraa" */ = {
			isa = XCConfigurationList;
			buildConfigurations = (
				9C9A6F7121C1022300CAF037 /* Debug */,
				9C9A6F7221C1022300CAF037 /* Release */,
			);
			defaultConfigurationIsVisible = 0;
			defaultConfigurationName = Release;
		};
/* End XCConfigurationList section */
	};
	rootObject = 9C9A6F5621C1021E00CAF037 /* Project object */;
}
